{
  "name": "findhouse",
  "version": "1.0.0",
  "lockfileVersion": 1,
  "requires": true,
  "dependencies": {
    "crypto-js": {
      "version": "4.0.0",
      "resolved": "https://registry.npm.taobao.org/crypto-js/download/crypto-js-4.0.0.tgz",
      "integrity": "sha1-KQSrJnep0EKFai6i74DekuSjbcw="
    },
    "jweixin-module": {
      "version": "1.6.0",
      "resolved": "https://registry.npm.taobao.org/jweixin-module/download/jweixin-module-1.6.0.tgz",
      "integrity": "sha1-Sn6mFAg+PJw/SeL9wruILPpY380="
    }
  }
}
